
Microsoft Visual Studio Solution File, Format Version 12.00
# Visual Studio Version 17
VisualStudioVersion = 17.13.35931.197 d17.13
MinimumVisualStudioVersion = 10.0.40219.1
Project("{FAE04EC0-301F-11D3-BF4B-00C04F79EFBC}") = "DoctorAppointment", "DoctorAppointment\DoctorAppointment.csproj", "{1D164E8D-AF54-47B3-A079-65DD50F1C947}"
EndProject
Project("{FAE04EC0-301F-11D3-BF4B-00C04F79EFBC}") = "DoctorAppointment.Domain", "DoctorAppointment.Domain\DoctorAppointment.Domain.csproj", "{9F599C07-B556-4BCF-BB41-7ADB583735AE}"
EndProject
Project("{FAE04EC0-301F-11D3-BF4B-00C04F79EFBC}") = "DoctorAppointment.Data", "DoctorAppointment.Data\DoctorAppointment.Data.csproj", "{B7A9422F-2E96-44AA-B7FD-832B94811252}"
EndProject
Project("{FAE04EC0-301F-11D3-BF4B-00C04F79EFBC}") = "DoctorAppointment.Service", "DoctorAppointment.Service\DoctorAppointment.Service.csproj", "{E09AB526-49EF-4855-BD06-C595F801256B}"
EndProject
Global
	GlobalSection(SolutionConfigurationPlatforms) = preSolution
		Debug|Any CPU = Debug|Any CPU
		Release|Any CPU = Release|Any CPU
	EndGlobalSection
	GlobalSection(ProjectConfigurationPlatforms) = postSolution
		{1D164E8D-AF54-47B3-A079-65DD50F1C947}.Debug|Any CPU.ActiveCfg = Debug|Any CPU
		{1D164E8D-AF54-47B3-A079-65DD50F1C947}.Debug|Any CPU.Build.0 = Debug|Any CPU
		{1D164E8D-AF54-47B3-A079-65DD50F1C947}.Release|Any CPU.ActiveCfg = Release|Any CPU
		{1D164E8D-AF54-47B3-A079-65DD50F1C947}.Release|Any CPU.Build.0 = Release|Any CPU
		{9F599C07-B556-4BCF-BB41-7ADB583735AE}.Debug|Any CPU.ActiveCfg = Debug|Any CPU
		{9F599C07-B556-4BCF-BB41-7ADB583735AE}.Debug|Any CPU.Build.0 = Debug|Any CPU
		{9F599C07-B556-4BCF-BB41-7ADB583735AE}.Release|Any CPU.ActiveCfg = Release|Any CPU
		{9F599C07-B556-4BCF-BB41-7ADB583735AE}.Release|Any CPU.Build.0 = Release|Any CPU
		{B7A9422F-2E96-44AA-B7FD-832B94811252}.Debug|Any CPU.ActiveCfg = Debug|Any CPU
		{B7A9422F-2E96-44AA-B7FD-832B94811252}.Debug|Any CPU.Build.0 = Debug|Any CPU
		{B7A9422F-2E96-44AA-B7FD-832B94811252}.Release|Any CPU.ActiveCfg = Release|Any CPU
		{B7A9422F-2E96-44AA-B7FD-832B94811252}.Release|Any CPU.Build.0 = Release|Any CPU
		{E09AB526-49EF-4855-BD06-C595F801256B}.Debug|Any CPU.ActiveCfg = Debug|Any CPU
		{E09AB526-49EF-4855-BD06-C595F801256B}.Debug|Any CPU.Build.0 = Debug|Any CPU
		{E09AB526-49EF-4855-BD06-C595F801256B}.Release|Any CPU.ActiveCfg = Release|Any CPU
		{E09AB526-49EF-4855-BD06-C595F801256B}.Release|Any CPU.Build.0 = Release|Any CPU
	EndGlobalSection
	GlobalSection(SolutionProperties) = preSolution
		HideSolutionNode = FALSE
	EndGlobalSection
	GlobalSection(ExtensibilityGlobals) = postSolution
		SolutionGuid = {C16D04DA-A358-477F-9C8F-4A57429AEFC3}
	EndGlobalSection
EndGlobal
