
Microsoft Visual Studio Solution File, Format Version 12.00
# Visual Studio Version 17
VisualStudioVersion = 17.12.35707.178
MinimumVisualStudioVersion = 10.0.40219.1
Project("{FAE04EC0-301F-11D3-BF4B-00C04F79EFBC}") = "HW002", "HW002\HW002.csproj", "{4384F063-6D35-45DB-9276-73BE013D6BAB}"
EndProject
Project("{FAE04EC0-301F-11D3-BF4B-00C04F79EFBC}") = "HW002_2", "HW002_2\HW002_2.csproj", "{FC60591A-E671-44E5-85A8-FE291511D750}"
EndProject
Global
	GlobalSection(SolutionConfigurationPlatforms) = preSolution
		Debug|Any CPU = Debug|Any CPU
		Release|Any CPU = Release|Any CPU
	EndGlobalSection
	GlobalSection(ProjectConfigurationPlatforms) = postSolution
		{4384F063-6D35-45DB-9276-73BE013D6BAB}.Debug|Any CPU.ActiveCfg = Debug|Any CPU
		{4384F063-6D35-45DB-9276-73BE013D6BAB}.Debug|Any CPU.Build.0 = Debug|Any CPU
		{4384F063-6D35-45DB-9276-73BE013D6BAB}.Release|Any CPU.ActiveCfg = Release|Any CPU
		{4384F063-6D35-45DB-9276-73BE013D6BAB}.Release|Any CPU.Build.0 = Release|Any CPU
		{FC60591A-E671-44E5-85A8-FE291511D750}.Debug|Any CPU.ActiveCfg = Debug|Any CPU
		{FC60591A-E671-44E5-85A8-FE291511D750}.Debug|Any CPU.Build.0 = Debug|Any CPU
		{FC60591A-E671-44E5-85A8-FE291511D750}.Release|Any CPU.ActiveCfg = Release|Any CPU
		{FC60591A-E671-44E5-85A8-FE291511D750}.Release|Any CPU.Build.0 = Release|Any CPU
	EndGlobalSection
	GlobalSection(SolutionProperties) = preSolution
		HideSolutionNode = FALSE
	EndGlobalSection
EndGlobal
